{
  "name": "osu-map-data-scraper",
  "version": "1.0.0",
  "lockfileVersion": 3,
  "requires": true,
  "packages": {
    "": {
      "name": "osu-map-data-scraper",
      "version": "1.0.0",
      "license": "ISC",
      "dependencies": {
        "osu-api-v2-js": "^2.0.1"
      }
    },
    "node_modules/osu-api-v2-js": {
      "version": "2.0.1",
      "resolved": "https://registry.npmjs.org/osu-api-v2-js/-/osu-api-v2-js-2.0.1.tgz",
      "integrity": "sha512-T0trhkzQ/iZv0gvfGya3gTUqocKims4p3vZKFyCsPt3175llGfJ2Puj5qBvj3xeJ+1tCT163SuT9GIaf/cc5Og==",
      "license": "Unlicense",
      "engines": {
        "node": ">=20.0.0"
      }
    }
  }
}
